// !$*UTF8*$!
{
	archiveVersion = 1;
	classes = {
	};
	objectVersion = 46;
	objects = {

/* Begin PBXBuildFile section */
		9C1C31F91F6B11F10015E606 /* Application.cpp in Sources */ = {isa = PBXBuildFile; fileRef = 9C1C31EF1F6B11F10015E606 /* Application.cpp */; };
		9C1C31FA1F6B11F10015E606 /* EmulNet.cpp in Sources */ = {isa = PBXBuildFile; fileRef = 9C1C31F11F6B11F10015E606 /* EmulNet.cpp */; };
		9C1C31FB1F6B11F10015E606 /* Log.cpp in Sources */ = {isa = PBXBuildFile; fileRef = 9C1C31F41F6B11F10015E606 /* Log.cpp */; };
		9C1C31FC1F6B11F10015E606 /* Makefile in Sources */ = {isa = PBXBuildFile; fileRef = 9C1C31F61F6B11F10015E606 /* Makefile */; };
		9C1C31FD1F6B11F10015E606 /* Member.cpp in Sources */ = {isa = PBXBuildFile; fileRef = 9C1C31F71F6B11F10015E606 /* Member.cpp */; };
		9C1C32061F6B12080015E606 /* MP1Node.cpp in Sources */ = {isa = PBXBuildFile; fileRef = 9C1C31FE1F6B12080015E606 /* MP1Node.cpp */; };
		9C1C32071F6B12080015E606 /* Params.cpp in Sources */ = {isa = PBXBuildFile; fileRef = 9C1C32001F6B12080015E606 /* Params.cpp */; };
/* End PBXBuildFile section */

/* Begin PBXCopyFilesBuildPhase section */
		9C1C31E31F6B119C0015E606 /* CopyFiles */ = {
			isa = PBXCopyFilesBuildPhase;
			buildActionMask = 2147483647;
			dstPath = /usr/share/man/man1/;
			dstSubfolderSpec = 0;
			files = (
			);
			runOnlyForDeploymentPostprocessing = 1;
		};
/* End PBXCopyFilesBuildPhase section */

/* Begin PBXFileReference section */
		9C1C31E51F6B119C0015E606 /* Membership Protocol */ = {isa = PBXFileReference; explicitFileType = "compiled.mach-o.executable"; includeInIndex = 0; path = "Membership Protocol"; sourceTree = BUILT_PRODUCTS_DIR; };
		9C1C31EF1F6B11F10015E606 /* Application.cpp */ = {isa = PBXFileReference; fileEncoding = 4; lastKnownFileType = sourcecode.cpp.cpp; path = Application.cpp; sourceTree = SOURCE_ROOT; };
		9C1C31F01F6B11F10015E606 /* Application.h */ = {isa = PBXFileReference; fileEncoding = 4; lastKnownFileType = sourcecode.c.h; path = Application.h; sourceTree = SOURCE_ROOT; };
		9C1C31F11F6B11F10015E606 /* EmulNet.cpp */ = {isa = PBXFileReference; fileEncoding = 4; lastKnownFileType = sourcecode.cpp.cpp; path = EmulNet.cpp; sourceTree = SOURCE_ROOT; };
		9C1C31F21F6B11F10015E606 /* EmulNet.h */ = {isa = PBXFileReference; fileEncoding = 4; lastKnownFileType = sourcecode.c.h; path = EmulNet.h; sourceTree = SOURCE_ROOT; };
		9C1C31F31F6B11F10015E606 /* Grader.sh */ = {isa = PBXFileReference; fileEncoding = 4; lastKnownFileType = text.script.sh; path = Grader.sh; sourceTree = SOURCE_ROOT; };
		9C1C31F41F6B11F10015E606 /* Log.cpp */ = {isa = PBXFileReference; fileEncoding = 4; lastKnownFileType = sourcecode.cpp.cpp; path = Log.cpp; sourceTree = SOURCE_ROOT; };
		9C1C31F51F6B11F10015E606 /* Log.h */ = {isa = PBXFileReference; fileEncoding = 4; lastKnownFileType = sourcecode.c.h; path = Log.h; sourceTree = SOURCE_ROOT; };
		9C1C31F61F6B11F10015E606 /* Makefile */ = {isa = PBXFileReference; fileEncoding = 4; lastKnownFileType = sourcecode.make; path = Makefile; sourceTree = SOURCE_ROOT; };
		9C1C31F71F6B11F10015E606 /* Member.cpp */ = {isa = PBXFileReference; fileEncoding = 4; lastKnownFileType = sourcecode.cpp.cpp; path = Member.cpp; sourceTree = SOURCE_ROOT; };
		9C1C31F81F6B11F10015E606 /* Member.h */ = {isa = PBXFileReference; fileEncoding = 4; lastKnownFileType = sourcecode.c.h; path = Member.h; sourceTree = SOURCE_ROOT; };
		9C1C31FE1F6B12080015E606 /* MP1Node.cpp */ = {isa = PBXFileReference; fileEncoding = 4; lastKnownFileType = sourcecode.cpp.cpp; path = MP1Node.cpp; sourceTree = SOURCE_ROOT; };
		9C1C31FF1F6B12080015E606 /* MP1Node.h */ = {isa = PBXFileReference; fileEncoding = 4; lastKnownFileType = sourcecode.c.h; path = MP1Node.h; sourceTree = SOURCE_ROOT; };
		9C1C32001F6B12080015E606 /* Params.cpp */ = {isa = PBXFileReference; fileEncoding = 4; lastKnownFileType = sourcecode.cpp.cpp; path = Params.cpp; sourceTree = SOURCE_ROOT; };
		9C1C32011F6B12080015E606 /* Params.h */ = {isa = PBXFileReference; fileEncoding = 4; lastKnownFileType = sourcecode.c.h; path = Params.h; sourceTree = SOURCE_ROOT; };
		9C1C32021F6B12080015E606 /* Queue.h */ = {isa = PBXFileReference; fileEncoding = 4; lastKnownFileType = sourcecode.c.h; path = Queue.h; sourceTree = SOURCE_ROOT; };
		9C1C32031F6B12080015E606 /* run.sh */ = {isa = PBXFileReference; fileEncoding = 4; lastKnownFileType = text.script.sh; path = run.sh; sourceTree = SOURCE_ROOT; };
		9C1C32041F6B12080015E606 /* stdincludes.h */ = {isa = PBXFileReference; fileEncoding = 4; lastKnownFileType = sourcecode.c.h; path = stdincludes.h; sourceTree = SOURCE_ROOT; };
		9C1C32051F6B12080015E606 /* submit.py */ = {isa = PBXFileReference; fileEncoding = 4; lastKnownFileType = text.script.python; path = submit.py; sourceTree = SOURCE_ROOT; };
		9C1C320B1F6B27820015E606 /* testcases */ = {isa = PBXFileReference; lastKnownFileType = folder; name = testcases; path = ../../testcases; sourceTree = "<group>"; };
/* End PBXFileReference section */

/* Begin PBXFrameworksBuildPhase section */
		9C1C31E21F6B119C0015E606 /* Frameworks */ = {
			isa = PBXFrameworksBuildPhase;
			buildActionMask = 2147483647;
			files = (
			);
			runOnlyForDeploymentPostprocessing = 0;
		};
/* End PBXFrameworksBuildPhase section */

/* Begin PBXGroup section */
		9C1C31DC1F6B119B0015E606 = {
			isa = PBXGroup;
			children = (
				9C1C31E71F6B119C0015E606 /* Membership Protocol */,
				9C1C31E61F6B119C0015E606 /* Products */,
			);
			sourceTree = "<group>";
		};
		9C1C31E61F6B119C0015E606 /* Products */ = {
			isa = PBXGroup;
			children = (
				9C1C31E51F6B119C0015E606 /* Membership Protocol */,
			);
			name = Products;
			sourceTree = "<group>";
		};
		9C1C31E71F6B119C0015E606 /* Membership Protocol */ = {
			isa = PBXGroup;
			children = (
				9C1C320B1F6B27820015E606 /* testcases */,
				9C1C31FE1F6B12080015E606 /* MP1Node.cpp */,
				9C1C31FF1F6B12080015E606 /* MP1Node.h */,
				9C1C32001F6B12080015E606 /* Params.cpp */,
				9C1C32011F6B12080015E606 /* Params.h */,
				9C1C32021F6B12080015E606 /* Queue.h */,
				9C1C32031F6B12080015E606 /* run.sh */,
				9C1C32041F6B12080015E606 /* stdincludes.h */,
				9C1C32051F6B12080015E606 /* submit.py */,
				9C1C31EF1F6B11F10015E606 /* Application.cpp */,
				9C1C31F01F6B11F10015E606 /* Application.h */,
				9C1C31F11F6B11F10015E606 /* EmulNet.cpp */,
				9C1C31F21F6B11F10015E606 /* EmulNet.h */,
				9C1C31F31F6B11F10015E606 /* Grader.sh */,
				9C1C31F41F6B11F10015E606 /* Log.cpp */,
				9C1C31F51F6B11F10015E606 /* Log.h */,
				9C1C31F61F6B11F10015E606 /* Makefile */,
				9C1C31F71F6B11F10015E606 /* Member.cpp */,
				9C1C31F81F6B11F10015E606 /* Member.h */,
			);
			path = "Membership Protocol";
			sourceTree = "<group>";
		};
/* End PBXGroup section */

/* Begin PBXNativeTarget section */
		9C1C31E41F6B119C0015E606 /* Membership Protocol */ = {
			isa = PBXNativeTarget;
			buildConfigurationList = 9C1C31EC1F6B119C0015E606 /* Build configuration list for PBXNativeTarget "Membership Protocol" */;
			buildPhases = (
				9C1C31E11F6B119C0015E606 /* Sources */,
				9C1C31E21F6B119C0015E606 /* Frameworks */,
				9C1C31E31F6B119C0015E606 /* CopyFiles */,
			);
			buildRules = (
			);
			dependencies = (
			);
			name = "Membership Protocol";
			productName = "Membership Protocol";
			productReference = 9C1C31E51F6B119C0015E606 /* Membership Protocol */;
			productType = "com.apple.product-type.tool";
		};
/* End PBXNativeTarget section */

/* Begin PBXProject section */
		9C1C31DD1F6B119B0015E606 /* Project object */ = {
			isa = PBXProject;
			attributes = {
				LastUpgradeCheck = 0830;
				ORGANIZATIONNAME = "Pavel Zaytsev";
				TargetAttributes = {
					9C1C31E41F6B119C0015E606 = {
						CreatedOnToolsVersion = 8.3.3;
						ProvisioningStyle = Automatic;
					};
				};
			};
			buildConfigurationList = 9C1C31E01F6B119B0015E606 /* Build configuration list for PBXProject "Membership Protocol" */;
			compatibilityVersion = "Xcode 3.2";
			developmentRegion = English;
			hasScannedForEncodings = 0;
			knownRegions = (
				en,
			);
			mainGroup = 9C1C31DC1F6B119B0015E606;
			productRefGroup = 9C1C31E61F6B119C0015E606 /* Products */;
			projectDirPath = "";
			projectRoot = "";
			targets = (
				9C1C31E41F6B119C0015E606 /* Membership Protocol */,
			);
		};
/* End PBXProject section */

/* Begin PBXSourcesBuildPhase section */
		9C1C31E11F6B119C0015E606 /* Sources */ = {
			isa = PBXSourcesBuildPhase;
			buildActionMask = 2147483647;
			files = (
				9C1C31FB1F6B11F10015E606 /* Log.cpp in Sources */,
				9C1C32071F6B12080015E606 /* Params.cpp in Sources */,
				9C1C31FA1F6B11F10015E606 /* EmulNet.cpp in Sources */,
				9C1C32061F6B12080015E606 /* MP1Node.cpp in Sources */,
				9C1C31FC1F6B11F10015E606 /* Makefile in Sources */,
				9C1C31F91F6B11F10015E606 /* Application.cpp in Sources */,
				9C1C31FD1F6B11F10015E606 /* Member.cpp in Sources */,
			);
			runOnlyForDeploymentPostprocessing = 0;
		};
/* End PBXSourcesBuildPhase section */

/* Begin XCBuildConfiguration section */
		9C1C31EA1F6B119C0015E606 /* Debug */ = {
			isa = XCBuildConfiguration;
			buildSettings = {
				ALWAYS_SEARCH_USER_PATHS = NO;
				CLANG_ANALYZER_NONNULL = YES;
				CLANG_ANALYZER_NUMBER_OBJECT_CONVERSION = YES_AGGRESSIVE;
				CLANG_CXX_LANGUAGE_STANDARD = "gnu++0x";
				CLANG_CXX_LIBRARY = "libc++";
				CLANG_ENABLE_MODULES = YES;
				CLANG_ENABLE_OBJC_ARC = YES;
				CLANG_WARN_BOOL_CONVERSION = YES;
				CLANG_WARN_CONSTANT_CONVERSION = YES;
				CLANG_WARN_DIRECT_OBJC_ISA_USAGE = YES_ERROR;
				CLANG_WARN_DOCUMENTATION_COMMENTS = YES;
				CLANG_WARN_EMPTY_BODY = YES;
				CLANG_WARN_ENUM_CONVERSION = YES;
				CLANG_WARN_INFINITE_RECURSION = YES;
				CLANG_WARN_INT_CONVERSION = YES;
				CLANG_WARN_OBJC_ROOT_CLASS = YES_ERROR;
				CLANG_WARN_SUSPICIOUS_MOVE = YES;
				CLANG_WARN_UNREACHABLE_CODE = YES;
				CLANG_WARN__DUPLICATE_METHOD_MATCH = YES;
				CODE_SIGN_IDENTITY = "-";
				COPY_PHASE_STRIP = NO;
				DEBUG_INFORMATION_FORMAT = dwarf;
				ENABLE_STRICT_OBJC_MSGSEND = YES;
				ENABLE_TESTABILITY = YES;
				GCC_C_LANGUAGE_STANDARD = gnu99;
				GCC_DYNAMIC_NO_PIC = NO;
				GCC_NO_COMMON_BLOCKS = YES;
				GCC_OPTIMIZATION_LEVEL = 0;
				GCC_PREPROCESSOR_DEFINITIONS = (
					"DEBUG=1",
					"$(inherited)",
				);
				GCC_WARN_64_TO_32_BIT_CONVERSION = YES;
				GCC_WARN_ABOUT_RETURN_TYPE = YES_ERROR;
				GCC_WARN_UNDECLARED_SELECTOR = YES;
				GCC_WARN_UNINITIALIZED_AUTOS = YES_AGGRESSIVE;
				GCC_WARN_UNUSED_FUNCTION = YES;
				GCC_WARN_UNUSED_VARIABLE = YES;
				MACOSX_DEPLOYMENT_TARGET = 10.12;
				MTL_ENABLE_DEBUG_INFO = YES;
				ONLY_ACTIVE_ARCH = YES;
				SDKROOT = macosx;
			};
			name = Debug;
		};
		9C1C31EB1F6B119C0015E606 /* Release */ = {
			isa = XCBuildConfiguration;
			buildSettings = {
				ALWAYS_SEARCH_USER_PATHS = NO;
				CLANG_ANALYZER_NONNULL = YES;
				CLANG_ANALYZER_NUMBER_OBJECT_CONVERSION = YES_AGGRESSIVE;
				CLANG_CXX_LANGUAGE_STANDARD = "gnu++0x";
				CLANG_CXX_LIBRARY = "libc++";
				CLANG_ENABLE_MODULES = YES;
				CLANG_ENABLE_OBJC_ARC = YES;
				CLANG_WARN_BOOL_CONVERSION = YES;
				CLANG_WARN_CONSTANT_CONVERSION = YES;
				CLANG_WARN_DIRECT_OBJC_ISA_USAGE = YES_ERROR;
				CLANG_WARN_DOCUMENTATION_COMMENTS = YES;
				CLANG_WARN_EMPTY_BODY = YES;
				CLANG_WARN_ENUM_CONVERSION = YES;
				CLANG_WARN_INFINITE_RECURSION = YES;
				CLANG_WARN_INT_CONVERSION = YES;
				CLANG_WARN_OBJC_ROOT_CLASS = YES_ERROR;
				CLANG_WARN_SUSPICIOUS_MOVE = YES;
				CLANG_WARN_UNREACHABLE_CODE = YES;
				CLANG_WARN__DUPLICATE_METHOD_MATCH = YES;
				CODE_SIGN_IDENTITY = "-";
				COPY_PHASE_STRIP = NO;
				DEBUG_INFORMATION_FORMAT = "dwarf-with-dsym";
				ENABLE_NS_ASSERTIONS = NO;
				ENABLE_STRICT_OBJC_MSGSEND = YES;
				GCC_C_LANGUAGE_STANDARD = gnu99;
				GCC_NO_COMMON_BLOCKS = YES;
				GCC_WARN_64_TO_32_BIT_CONVERSION = YES;
				GCC_WARN_ABOUT_RETURN_TYPE = YES_ERROR;
				GCC_WARN_UNDECLARED_SELECTOR = YES;
				GCC_WARN_UNINITIALIZED_AUTOS = YES_AGGRESSIVE;
				GCC_WARN_UNUSED_FUNCTION = YES;
				GCC_WARN_UNUSED_VARIABLE = YES;
				MACOSX_DEPLOYMENT_TARGET = 10.12;
				MTL_ENABLE_DEBUG_INFO = NO;
				SDKROOT = macosx;
			};
			name = Release;
		};
		9C1C31ED1F6B119C0015E606 /* Debug */ = {
			isa = XCBuildConfiguration;
			buildSettings = {
				PRODUCT_NAME = "$(TARGET_NAME)";
			};
			name = Debug;
		};
		9C1C31EE1F6B119C0015E606 /* Release */ = {
			isa = XCBuildConfiguration;
			buildSettings = {
				PRODUCT_NAME = "$(TARGET_NAME)";
			};
			name = Release;
		};
/* End XCBuildConfiguration section */

/* Begin XCConfigurationList section */
		9C1C31E01F6B119B0015E606 /* Build configuration list for PBXProject "Membership Protocol" */ = {
			isa = XCConfigurationList;
			buildConfigurations = (
				9C1C31EA1F6B119C0015E606 /* Debug */,
				9C1C31EB1F6B119C0015E606 /* Release */,
			);
			defaultConfigurationIsVisible = 0;
			defaultConfigurationName = Release;
		};
		9C1C31EC1F6B119C0015E606 /* Build configuration list for PBXNativeTarget "Membership Protocol" */ = {
			isa = XCConfigurationList;
			buildConfigurations = (
				9C1C31ED1F6B119C0015E606 /* Debug */,
				9C1C31EE1F6B119C0015E606 /* Release */,
			);
			defaultConfigurationIsVisible = 0;
		};
/* End XCConfigurationList section */
	};
	rootObject = 9C1C31DD1F6B119B0015E606 /* Project object */;
}
